{
	"name": "@hugoalh/github-sodium",
	"version": "2.0.0-beta.1",
	"lockfileVersion": 1,
	"requires": true,
	"dependencies": {
		"@hugoalh/advanced-determine": {
			"version": "7.0.1",
			"resolved": "https://registry.npmjs.org/@hugoalh/advanced-determine/-/advanced-determine-7.0.1.tgz",
			"integrity": "sha512-HCD21qJ8td5xi3a2KNevQ4m/ey6KJK8tj8gRGzq8HpqweoJhRKS4hP6O7rnnbU9dbnAtU8o5515dDdJQBHyUmQ==",
			"requires": {
				"@hugoalh/undefinish": "^1.0.9"
			}
		},
		"@hugoalh/undefinish": {
			"version": "1.0.9",
			"resolved": "https://registry.npmjs.org/@hugoalh/undefinish/-/undefinish-1.0.9.tgz",
			"integrity": "sha512-KYDSdesxkcErKtJALdZyX00xNLX1XZwUdnkh1E5NAehXWGtzLGVCMJQYcDlJj97REZGAbLinqnbu/e4fxen8wQ=="
		},
		"@types/libsodium-wrappers": {
			"version": "0.7.9",
			"resolved": "https://registry.npmjs.org/@types/libsodium-wrappers/-/libsodium-wrappers-0.7.9.tgz",
			"integrity": "sha512-LisgKLlYQk19baQwjkBZZXdJL0KbeTpdEnrAfz5hQACbklCY0gVFnsKUyjfNWF1UQsCSjw93Sj5jSbiO8RPfdw=="
		},
		"libsodium": {
			"version": "0.7.10",
			"resolved": "https://registry.npmjs.org/libsodium/-/libsodium-0.7.10.tgz",
			"integrity": "sha512-eY+z7hDrDKxkAK+QKZVNv92A5KYkxfvIshtBJkmg5TSiCnYqZP3i9OO9whE79Pwgm4jGaoHgkM4ao/b9Cyu4zQ=="
		},
		"libsodium-wrappers": {
			"version": "0.7.10",
			"resolved": "https://registry.npmjs.org/libsodium-wrappers/-/libsodium-wrappers-0.7.10.tgz",
			"integrity": "sha512-pO3F1Q9NPLB/MWIhehim42b/Fwb30JNScCNh8TcQ/kIc+qGLQch8ag8wb0keK3EP5kbGakk1H8Wwo7v+36rNQg==",
			"requires": {
				"libsodium": "^0.7.0"
			}
		}
	}
}
