{
	"name": "@hugoalh/github-sodium",
	"version": "1.2.0",
	"lockfileVersion": 1,
	"requires": true,
	"dependencies": {
		"@hugoalh/advanced-determine": {
			"version": "7.0.0",
			"resolved": "https://registry.npmjs.org/@hugoalh/advanced-determine/-/advanced-determine-7.0.0.tgz",
			"integrity": "sha512-p7l3ao61D2bV0MQ1fJ2SA4sA8OSRXqrUk+sQR3o8lwWRbPGcCbkBFaeR8Fu5BP+c7ZZ+tm19Ytu2SB3X4E24ow==",
			"requires": {
				"@hugoalh/undefinish": "^1.0.7"
			}
		},
		"@hugoalh/undefinish": {
			"version": "1.0.7",
			"resolved": "https://registry.npmjs.org/@hugoalh/undefinish/-/undefinish-1.0.7.tgz",
			"integrity": "sha512-4+6Gar6BFwDatgk8OR1pU+Cc53mp6gpTh6THNDfIP3d1Q9oYM6uLXyZTcuUItJeHIkKp2QfKVLaZaEO5eVfDjw=="
		},
		"blakejs": {
			"version": "1.1.1",
			"resolved": "https://registry.npmjs.org/blakejs/-/blakejs-1.1.1.tgz",
			"integrity": "sha512-bLG6PHOCZJKNshTjGRBvET0vTciwQE6zFKOKKXPDJfwFBd4Ac0yBfPZqcGvGJap50l7ktvlpFqc2jGVaUgbJgg=="
		},
		"tweetnacl": {
			"version": "1.0.3",
			"resolved": "https://registry.npmjs.org/tweetnacl/-/tweetnacl-1.0.3.tgz",
			"integrity": "sha512-6rt+RN7aOi1nGMyC4Xa5DdYiukl2UWCbcJft7YhxReBGQD7OAM8Pbxw6YMo4r2diNEA8FEmu32YOn9rhaiE5yw=="
		},
		"tweetsodium": {
			"version": "0.0.5",
			"resolved": "https://registry.npmjs.org/tweetsodium/-/tweetsodium-0.0.5.tgz",
			"integrity": "sha512-T3aXZtx7KqQbutTtBfn+P5By3HdBuB1eCoGviIrRJV2sXeToxv2X2cv5RvYqgG26PSnN5m3fYixds22Gkfd11w==",
			"requires": {
				"blakejs": "^1.1.0",
				"tweetnacl": "^1.0.1"
			}
		}
	}
}
