{
	"name": "@hugoalh/github-sodium",
	"version": "2.0.0-beta.1",
	"lockfileVersion": 1,
	"requires": true,
	"dependencies": {
		"@hugoalh/advanced-determine": {
			"version": "7.0.2",
			"resolved": "https://registry.npmjs.org/@hugoalh/advanced-determine/-/advanced-determine-7.0.2.tgz",
			"integrity": "sha512-g3Af+F4SkQ6lGe/pHYhOstucsqTni8iaZCUJxEjjIf1dMcA7yjAWkas+COjpJcpt27OYVy6UKv6/ADRK7kFVsw==",
			"requires": {
				"@hugoalh/undefinish": "^1.0.10"
			}
		},
		"@hugoalh/undefinish": {
			"version": "1.0.10",
			"resolved": "https://registry.npmjs.org/@hugoalh/undefinish/-/undefinish-1.0.10.tgz",
			"integrity": "sha512-qCEXftdWraO7nNvYdIxLnt49bfhpfb+3fe2gY3LBrvDwq6vMXteXml9F5tLKjUvRUWRZdZR42AUoe2iOGoWxGQ=="
		},
		"@types/libsodium-wrappers": {
			"version": "0.7.9",
			"resolved": "https://registry.npmjs.org/@types/libsodium-wrappers/-/libsodium-wrappers-0.7.9.tgz",
			"integrity": "sha512-LisgKLlYQk19baQwjkBZZXdJL0KbeTpdEnrAfz5hQACbklCY0gVFnsKUyjfNWF1UQsCSjw93Sj5jSbiO8RPfdw=="
		},
		"libsodium": {
			"version": "0.7.10",
			"resolved": "https://registry.npmjs.org/libsodium/-/libsodium-0.7.10.tgz",
			"integrity": "sha512-eY+z7hDrDKxkAK+QKZVNv92A5KYkxfvIshtBJkmg5TSiCnYqZP3i9OO9whE79Pwgm4jGaoHgkM4ao/b9Cyu4zQ=="
		},
		"libsodium-wrappers": {
			"version": "0.7.10",
			"resolved": "https://registry.npmjs.org/libsodium-wrappers/-/libsodium-wrappers-0.7.10.tgz",
			"integrity": "sha512-pO3F1Q9NPLB/MWIhehim42b/Fwb30JNScCNh8TcQ/kIc+qGLQch8ag8wb0keK3EP5kbGakk1H8Wwo7v+36rNQg==",
			"requires": {
				"libsodium": "^0.7.0"
			}
		}
	}
}
